
Microsoft Visual Studio Solution File, Format Version 12.00
# Visual Studio 15
VisualStudioVersion = 15.0.28307.136
MinimumVisualStudioVersion = 10.0.40219.1
Project("{FAE04EC0-301F-11D3-BF4B-00C04F79EFBC}") = "Assembly-CSharp", "Assembly-CSharp.csproj", "{D215A013-AD36-7542-FAB5-E44F1EFF9AAD}"
EndProject
Project("{FAE04EC0-301F-11D3-BF4B-00C04F79EFBC}") = "Assembly-CSharp-Editor", "Assembly-CSharp-Editor.csproj", "{4DD5AF29-721C-80E3-E432-9817D5912E6B}"
EndProject
Global
	GlobalSection(SolutionConfigurationPlatforms) = preSolution
		Debug|Any CPU = Debug|Any CPU
		Release|Any CPU = Release|Any CPU
	EndGlobalSection
	GlobalSection(ProjectConfigurationPlatforms) = postSolution
		{D215A013-AD36-7542-FAB5-E44F1EFF9AAD}.Debug|Any CPU.ActiveCfg = Debug|Any CPU
		{D215A013-AD36-7542-FAB5-E44F1EFF9AAD}.Debug|Any CPU.Build.0 = Debug|Any CPU
		{D215A013-AD36-7542-FAB5-E44F1EFF9AAD}.Release|Any CPU.ActiveCfg = Release|Any CPU
		{D215A013-AD36-7542-FAB5-E44F1EFF9AAD}.Release|Any CPU.Build.0 = Release|Any CPU
		{4DD5AF29-721C-80E3-E432-9817D5912E6B}.Debug|Any CPU.ActiveCfg = Debug|Any CPU
		{4DD5AF29-721C-80E3-E432-9817D5912E6B}.Debug|Any CPU.Build.0 = Debug|Any CPU
		{4DD5AF29-721C-80E3-E432-9817D5912E6B}.Release|Any CPU.ActiveCfg = Release|Any CPU
		{4DD5AF29-721C-80E3-E432-9817D5912E6B}.Release|Any CPU.Build.0 = Release|Any CPU
	EndGlobalSection
	GlobalSection(SolutionProperties) = preSolution
		HideSolutionNode = FALSE
	EndGlobalSection
	GlobalSection(ExtensibilityGlobals) = postSolution
		SolutionGuid = {3F869A2E-74DE-4BF8-B4E8-21561E344767}
	EndGlobalSection
EndGlobal
